
Microsoft Visual Studio Solution File, Format Version 12.00
# Visual Studio Version 17
VisualStudioVersion = 17.7.34009.444
MinimumVisualStudioVersion = 10.0.40219.1
Project("{FAE04EC0-301F-11D3-BF4B-00C04F79EFBC}") = "Web_CamposDeportivos  V2", "Web_CamposDeportivos  V2\Web_CamposDeportivos  V2.csproj", "{B43E0B5A-AA25-4F41-855A-25854F5AD688}"
EndProject
Global
	GlobalSection(SolutionConfigurationPlatforms) = preSolution
		Debug|Any CPU = Debug|Any CPU
		Release|Any CPU = Release|Any CPU
	EndGlobalSection
	GlobalSection(ProjectConfigurationPlatforms) = postSolution
		{B43E0B5A-AA25-4F41-855A-25854F5AD688}.Debug|Any CPU.ActiveCfg = Debug|Any CPU
		{B43E0B5A-AA25-4F41-855A-25854F5AD688}.Debug|Any CPU.Build.0 = Debug|Any CPU
		{B43E0B5A-AA25-4F41-855A-25854F5AD688}.Release|Any CPU.ActiveCfg = Release|Any CPU
		{B43E0B5A-AA25-4F41-855A-25854F5AD688}.Release|Any CPU.Build.0 = Release|Any CPU
	EndGlobalSection
	GlobalSection(SolutionProperties) = preSolution
		HideSolutionNode = FALSE
	EndGlobalSection
	GlobalSection(ExtensibilityGlobals) = postSolution
		SolutionGuid = {5F4643E5-2B76-447A-A29D-76801BE85CC1}
	EndGlobalSection
EndGlobal
